// !$*UTF8*$!
{
	archiveVersion = 1;
	classes = {
	};
	objectVersion = 51;
	objects = {

/* Begin PBXBuildFile section */
		843F83FA24799538009AEFAE /* AppDelegate.swift in Sources */ = {isa = PBXBuildFile; fileRef = 843F83F924799538009AEFAE /* AppDelegate.swift */; };
		843F83FC24799538009AEFAE /* SceneDelegate.swift in Sources */ = {isa = PBXBuildFile; fileRef = 843F83FB24799538009AEFAE /* SceneDelegate.swift */; };
		843F83FE24799538009AEFAE /* ViewController.swift in Sources */ = {isa = PBXBuildFile; fileRef = 843F83FD24799538009AEFAE /* ViewController.swift */; };
		843F840124799538009AEFAE /* Main.storyboard in Resources */ = {isa = PBXBuildFile; fileRef = 843F83FF24799538009AEFAE /* Main.storyboard */; };
		843F840424799538009AEFAE /* navigation.xcdatamodeld in Sources */ = {isa = PBXBuildFile; fileRef = 843F840224799538009AEFAE /* navigation.xcdatamodeld */; };
		843F84062479953A009AEFAE /* Assets.xcassets in Resources */ = {isa = PBXBuildFile; fileRef = 843F84052479953A009AEFAE /* Assets.xcassets */; };
		843F84092479953A009AEFAE /* LaunchScreen.storyboard in Resources */ = {isa = PBXBuildFile; fileRef = 843F84072479953A009AEFAE /* LaunchScreen.storyboard */; };
		843F841324799E53009AEFAE /* GoogleService-Info.plist in Resources */ = {isa = PBXBuildFile; fileRef = 843F841224799E53009AEFAE /* GoogleService-Info.plist */; };
		843F841724799F05009AEFAE /* LoginViewController.swift in Sources */ = {isa = PBXBuildFile; fileRef = 843F841624799F05009AEFAE /* LoginViewController.swift */; };
		843F84192479A02E009AEFAE /* RegisterViewController.swift in Sources */ = {isa = PBXBuildFile; fileRef = 843F84182479A02E009AEFAE /* RegisterViewController.swift */; };
		843F841E2479A476009AEFAE /* LoggedInViewController.swift in Sources */ = {isa = PBXBuildFile; fileRef = 843F841D2479A476009AEFAE /* LoggedInViewController.swift */; };
		84576F5C247CDC2B0082671C /* ListOfUsersViewController.swift in Sources */ = {isa = PBXBuildFile; fileRef = 84576F5B247CDC2B0082671C /* ListOfUsersViewController.swift */; };
		84576F5F247CDE330082671C /* TableViewCell.swift in Sources */ = {isa = PBXBuildFile; fileRef = 84576F5D247CDE330082671C /* TableViewCell.swift */; };
		84576F60247CDE330082671C /* TableViewCell.xib in Resources */ = {isa = PBXBuildFile; fileRef = 84576F5E247CDE330082671C /* TableViewCell.xib */; };
		84F8790A247C0B1300825B8E /* Location.swift in Sources */ = {isa = PBXBuildFile; fileRef = 84F87909247C0B1300825B8E /* Location.swift */; };
		84F8790E247C404800825B8E /* ExtensionForLoggedInVC.swift in Sources */ = {isa = PBXBuildFile; fileRef = 84F8790D247C404800825B8E /* ExtensionForLoggedInVC.swift */; };
		84F87910247C4AD100825B8E /* seeOtherUserLocationViewController.swift in Sources */ = {isa = PBXBuildFile; fileRef = 84F8790F247C4AD100825B8E /* seeOtherUserLocationViewController.swift */; };
		ED820BCAA401F7889484B390 /* Pods_navigation.framework in Frameworks */ = {isa = PBXBuildFile; fileRef = 1A021F8EF28F2F07A07507DB /* Pods_navigation.framework */; };
/* End PBXBuildFile section */

/* Begin PBXFileReference section */
		065C7D24104E176C57078FF9 /* Pods-navigation.debug.xcconfig */ = {isa = PBXFileReference; includeInIndex = 1; lastKnownFileType = text.xcconfig; name = "Pods-navigation.debug.xcconfig"; path = "Target Support Files/Pods-navigation/Pods-navigation.debug.xcconfig"; sourceTree = "<group>"; };
		1A021F8EF28F2F07A07507DB /* Pods_navigation.framework */ = {isa = PBXFileReference; explicitFileType = wrapper.framework; includeInIndex = 0; path = Pods_navigation.framework; sourceTree = BUILT_PRODUCTS_DIR; };
		843F83F624799538009AEFAE /* navigation.app */ = {isa = PBXFileReference; explicitFileType = wrapper.application; includeInIndex = 0; path = navigation.app; sourceTree = BUILT_PRODUCTS_DIR; };
		843F83F924799538009AEFAE /* AppDelegate.swift */ = {isa = PBXFileReference; lastKnownFileType = sourcecode.swift; path = AppDelegate.swift; sourceTree = "<group>"; };
		843F83FB24799538009AEFAE /* SceneDelegate.swift */ = {isa = PBXFileReference; lastKnownFileType = sourcecode.swift; path = SceneDelegate.swift; sourceTree = "<group>"; };
		843F83FD24799538009AEFAE /* ViewController.swift */ = {isa = PBXFileReference; lastKnownFileType = sourcecode.swift; path = ViewController.swift; sourceTree = "<group>"; };
		843F840024799538009AEFAE /* Base */ = {isa = PBXFileReference; lastKnownFileType = file.storyboard; name = Base; path = Base.lproj/Main.storyboard; sourceTree = "<group>"; };
		843F840324799538009AEFAE /* navigation.xcdatamodel */ = {isa = PBXFileReference; lastKnownFileType = wrapper.xcdatamodel; path = navigation.xcdatamodel; sourceTree = "<group>"; };
		843F84052479953A009AEFAE /* Assets.xcassets */ = {isa = PBXFileReference; lastKnownFileType = folder.assetcatalog; path = Assets.xcassets; sourceTree = "<group>"; };
		843F84082479953A009AEFAE /* Base */ = {isa = PBXFileReference; lastKnownFileType = file.storyboard; name = Base; path = Base.lproj/LaunchScreen.storyboard; sourceTree = "<group>"; };
		843F840A2479953A009AEFAE /* Info.plist */ = {isa = PBXFileReference; lastKnownFileType = text.plist.xml; path = Info.plist; sourceTree = "<group>"; };
		843F841224799E53009AEFAE /* GoogleService-Info.plist */ = {isa = PBXFileReference; fileEncoding = 4; lastKnownFileType = text.plist.xml; name = "GoogleService-Info.plist"; path = "../../../../Downloads/GoogleService-Info.plist"; sourceTree = "<group>"; };
		843F841624799F05009AEFAE /* LoginViewController.swift */ = {isa = PBXFileReference; lastKnownFileType = sourcecode.swift; path = LoginViewController.swift; sourceTree = "<group>"; };
		843F84182479A02E009AEFAE /* RegisterViewController.swift */ = {isa = PBXFileReference; lastKnownFileType = sourcecode.swift; path = RegisterViewController.swift; sourceTree = "<group>"; };
		843F841D2479A476009AEFAE /* LoggedInViewController.swift */ = {isa = PBXFileReference; lastKnownFileType = sourcecode.swift; path = LoggedInViewController.swift; sourceTree = "<group>"; };
		84576F5B247CDC2B0082671C /* ListOfUsersViewController.swift */ = {isa = PBXFileReference; lastKnownFileType = sourcecode.swift; path = ListOfUsersViewController.swift; sourceTree = "<group>"; };
		84576F5D247CDE330082671C /* TableViewCell.swift */ = {isa = PBXFileReference; lastKnownFileType = sourcecode.swift; path = TableViewCell.swift; sourceTree = "<group>"; };
		84576F5E247CDE330082671C /* TableViewCell.xib */ = {isa = PBXFileReference; lastKnownFileType = file.xib; path = TableViewCell.xib; sourceTree = "<group>"; };
		84F87909247C0B1300825B8E /* Location.swift */ = {isa = PBXFileReference; lastKnownFileType = sourcecode.swift; path = Location.swift; sourceTree = "<group>"; };
		84F8790D247C404800825B8E /* ExtensionForLoggedInVC.swift */ = {isa = PBXFileReference; lastKnownFileType = sourcecode.swift; path = ExtensionForLoggedInVC.swift; sourceTree = "<group>"; };
		84F8790F247C4AD100825B8E /* seeOtherUserLocationViewController.swift */ = {isa = PBXFileReference; lastKnownFileType = sourcecode.swift; path = seeOtherUserLocationViewController.swift; sourceTree = "<group>"; };
		CB8B19F2360622AF9752EA44 /* Pods-navigation.release.xcconfig */ = {isa = PBXFileReference; includeInIndex = 1; lastKnownFileType = text.xcconfig; name = "Pods-navigation.release.xcconfig"; path = "Target Support Files/Pods-navigation/Pods-navigation.release.xcconfig"; sourceTree = "<group>"; };
/* End PBXFileReference section */

/* Begin PBXFrameworksBuildPhase section */
		843F83F324799538009AEFAE /* Frameworks */ = {
			isa = PBXFrameworksBuildPhase;
			buildActionMask = 2147483647;
			files = (
				ED820BCAA401F7889484B390 /* Pods_navigation.framework in Frameworks */,
			);
			runOnlyForDeploymentPostprocessing = 0;
		};
/* End PBXFrameworksBuildPhase section */

/* Begin PBXGroup section */
		4EDD4C0E18ED72159B3DADAC /* Pods */ = {
			isa = PBXGroup;
			children = (
				065C7D24104E176C57078FF9 /* Pods-navigation.debug.xcconfig */,
				CB8B19F2360622AF9752EA44 /* Pods-navigation.release.xcconfig */,
			);
			path = Pods;
			sourceTree = "<group>";
		};
		843F83ED24799538009AEFAE = {
			isa = PBXGroup;
			children = (
				843F83F824799538009AEFAE /* navigation */,
				843F83F724799538009AEFAE /* Products */,
				4EDD4C0E18ED72159B3DADAC /* Pods */,
				AD3F8314A90040519FA2D4D1 /* Frameworks */,
			);
			sourceTree = "<group>";
		};
		843F83F724799538009AEFAE /* Products */ = {
			isa = PBXGroup;
			children = (
				843F83F624799538009AEFAE /* navigation.app */,
			);
			name = Products;
			sourceTree = "<group>";
		};
		843F83F824799538009AEFAE /* navigation */ = {
			isa = PBXGroup;
			children = (
				843F83F924799538009AEFAE /* AppDelegate.swift */,
				843F83FB24799538009AEFAE /* SceneDelegate.swift */,
				843F841A2479A401009AEFAE /* Model */,
				843F841B2479A40D009AEFAE /* View */,
				843F841C2479A414009AEFAE /* Controller */,
				843F84052479953A009AEFAE /* Assets.xcassets */,
				843F84072479953A009AEFAE /* LaunchScreen.storyboard */,
				843F840A2479953A009AEFAE /* Info.plist */,
				843F841224799E53009AEFAE /* GoogleService-Info.plist */,
				843F840224799538009AEFAE /* navigation.xcdatamodeld */,
			);
			path = navigation;
			sourceTree = "<group>";
		};
		843F841A2479A401009AEFAE /* Model */ = {
			isa = PBXGroup;
			children = (
				84F87909247C0B1300825B8E /* Location.swift */,
				84F8790D247C404800825B8E /* ExtensionForLoggedInVC.swift */,
			);
			path = Model;
			sourceTree = "<group>";
		};
		843F841B2479A40D009AEFAE /* View */ = {
			isa = PBXGroup;
			children = (
				843F83FF24799538009AEFAE /* Main.storyboard */,
				84576F5D247CDE330082671C /* TableViewCell.swift */,
				84576F5E247CDE330082671C /* TableViewCell.xib */,
			);
			path = View;
			sourceTree = "<group>";
		};
		843F841C2479A414009AEFAE /* Controller */ = {
			isa = PBXGroup;
			children = (
				843F83FD24799538009AEFAE /* ViewController.swift */,
				843F841624799F05009AEFAE /* LoginViewController.swift */,
				843F84182479A02E009AEFAE /* RegisterViewController.swift */,
				843F841D2479A476009AEFAE /* LoggedInViewController.swift */,
				84F8790F247C4AD100825B8E /* seeOtherUserLocationViewController.swift */,
				84576F5B247CDC2B0082671C /* ListOfUsersViewController.swift */,
			);
			path = Controller;
			sourceTree = "<group>";
		};
		AD3F8314A90040519FA2D4D1 /* Frameworks */ = {
			isa = PBXGroup;
			children = (
				1A021F8EF28F2F07A07507DB /* Pods_navigation.framework */,
			);
			name = Frameworks;
			sourceTree = "<group>";
		};
/* End PBXGroup section */

/* Begin PBXNativeTarget section */
		843F83F524799538009AEFAE /* navigation */ = {
			isa = PBXNativeTarget;
			buildConfigurationList = 843F840D2479953A009AEFAE /* Build configuration list for PBXNativeTarget "navigation" */;
			buildPhases = (
				E7A159118DF581A14345B3CE /* [CP] Check Pods Manifest.lock */,
				843F83F224799538009AEFAE /* Sources */,
				843F83F324799538009AEFAE /* Frameworks */,
				843F83F424799538009AEFAE /* Resources */,
				2BDF7DCFDCFD707B78EAE085 /* [CP] Embed Pods Frameworks */,
			);
			buildRules = (
			);
			dependencies = (
			);
			name = navigation;
			productName = navigation;
			productReference = 843F83F624799538009AEFAE /* navigation.app */;
			productType = "com.apple.product-type.application";
		};
/* End PBXNativeTarget section */

/* Begin PBXProject section */
		843F83EE24799538009AEFAE /* Project object */ = {
			isa = PBXProject;
			attributes = {
				LastSwiftUpdateCheck = 1130;
				LastUpgradeCheck = 1130;
				ORGANIZATIONNAME = "Nishant Thakur";
				TargetAttributes = {
					843F83F524799538009AEFAE = {
						CreatedOnToolsVersion = 11.3;
					};
				};
			};
			buildConfigurationList = 843F83F124799538009AEFAE /* Build configuration list for PBXProject "navigation" */;
			compatibilityVersion = "Xcode 9.3";
			developmentRegion = en;
			hasScannedForEncodings = 0;
			knownRegions = (
				en,
				Base,
			);
			mainGroup = 843F83ED24799538009AEFAE;
			productRefGroup = 843F83F724799538009AEFAE /* Products */;
			projectDirPath = "";
			projectRoot = "";
			targets = (
				843F83F524799538009AEFAE /* navigation */,
			);
		};
/* End PBXProject section */

/* Begin PBXResourcesBuildPhase section */
		843F83F424799538009AEFAE /* Resources */ = {
			isa = PBXResourcesBuildPhase;
			buildActionMask = 2147483647;
			files = (
				843F84092479953A009AEFAE /* LaunchScreen.storyboard in Resources */,
				84576F60247CDE330082671C /* TableViewCell.xib in Resources */,
				843F841324799E53009AEFAE /* GoogleService-Info.plist in Resources */,
				843F84062479953A009AEFAE /* Assets.xcassets in Resources */,
				843F840124799538009AEFAE /* Main.storyboard in Resources */,
			);
			runOnlyForDeploymentPostprocessing = 0;
		};
/* End PBXResourcesBuildPhase section */

/* Begin PBXShellScriptBuildPhase section */
		2BDF7DCFDCFD707B78EAE085 /* [CP] Embed Pods Frameworks */ = {
			isa = PBXShellScriptBuildPhase;
			buildActionMask = 2147483647;
			files = (
			);
			inputFileListPaths = (
				"${PODS_ROOT}/Target Support Files/Pods-navigation/Pods-navigation-frameworks-${CONFIGURATION}-input-files.xcfilelist",
			);
			name = "[CP] Embed Pods Frameworks";
			outputFileListPaths = (
				"${PODS_ROOT}/Target Support Files/Pods-navigation/Pods-navigation-frameworks-${CONFIGURATION}-output-files.xcfilelist",
			);
			runOnlyForDeploymentPostprocessing = 0;
			shellPath = /bin/sh;
			shellScript = "\"${PODS_ROOT}/Target Support Files/Pods-navigation/Pods-navigation-frameworks.sh\"\n";
			showEnvVarsInLog = 0;
		};
		E7A159118DF581A14345B3CE /* [CP] Check Pods Manifest.lock */ = {
			isa = PBXShellScriptBuildPhase;
			buildActionMask = 2147483647;
			files = (
			);
			inputFileListPaths = (
			);
			inputPaths = (
				"${PODS_PODFILE_DIR_PATH}/Podfile.lock",
				"${PODS_ROOT}/Manifest.lock",
			);
			name = "[CP] Check Pods Manifest.lock";
			outputFileListPaths = (
			);
			outputPaths = (
				"$(DERIVED_FILE_DIR)/Pods-navigation-checkManifestLockResult.txt",
			);
			runOnlyForDeploymentPostprocessing = 0;
			shellPath = /bin/sh;
			shellScript = "diff \"${PODS_PODFILE_DIR_PATH}/Podfile.lock\" \"${PODS_ROOT}/Manifest.lock\" > /dev/null\nif [ $? != 0 ] ; then\n    # print error to STDERR\n    echo \"error: The sandbox is not in sync with the Podfile.lock. Run 'pod install' or update your CocoaPods installation.\" >&2\n    exit 1\nfi\n# This output is used by Xcode 'outputs' to avoid re-running this script phase.\necho \"SUCCESS\" > \"${SCRIPT_OUTPUT_FILE_0}\"\n";
			showEnvVarsInLog = 0;
		};
/* End PBXShellScriptBuildPhase section */

/* Begin PBXSourcesBuildPhase section */
		843F83F224799538009AEFAE /* Sources */ = {
			isa = PBXSourcesBuildPhase;
			buildActionMask = 2147483647;
			files = (
				843F83FE24799538009AEFAE /* ViewController.swift in Sources */,
				84F8790E247C404800825B8E /* ExtensionForLoggedInVC.swift in Sources */,
				843F83FA24799538009AEFAE /* AppDelegate.swift in Sources */,
				84F8790A247C0B1300825B8E /* Location.swift in Sources */,
				84576F5C247CDC2B0082671C /* ListOfUsersViewController.swift in Sources */,
				843F83FC24799538009AEFAE /* SceneDelegate.swift in Sources */,
				84F87910247C4AD100825B8E /* seeOtherUserLocationViewController.swift in Sources */,
				843F84192479A02E009AEFAE /* RegisterViewController.swift in Sources */,
				843F841724799F05009AEFAE /* LoginViewController.swift in Sources */,
				84576F5F247CDE330082671C /* TableViewCell.swift in Sources */,
				843F841E2479A476009AEFAE /* LoggedInViewController.swift in Sources */,
				843F840424799538009AEFAE /* navigation.xcdatamodeld in Sources */,
			);
			runOnlyForDeploymentPostprocessing = 0;
		};
/* End PBXSourcesBuildPhase section */

/* Begin PBXVariantGroup section */
		843F83FF24799538009AEFAE /* Main.storyboard */ = {
			isa = PBXVariantGroup;
			children = (
				843F840024799538009AEFAE /* Base */,
			);
			name = Main.storyboard;
			sourceTree = "<group>";
		};
		843F84072479953A009AEFAE /* LaunchScreen.storyboard */ = {
			isa = PBXVariantGroup;
			children = (
				843F84082479953A009AEFAE /* Base */,
			);
			name = LaunchScreen.storyboard;
			sourceTree = "<group>";
		};
/* End PBXVariantGroup section */

/* Begin XCBuildConfiguration section */
		843F840B2479953A009AEFAE /* Debug */ = {
			isa = XCBuildConfiguration;
			buildSettings = {
				ALWAYS_SEARCH_USER_PATHS = NO;
				CLANG_ANALYZER_NONNULL = YES;
				CLANG_ANALYZER_NUMBER_OBJECT_CONVERSION = YES_AGGRESSIVE;
				CLANG_CXX_LANGUAGE_STANDARD = "gnu++14";
				CLANG_CXX_LIBRARY = "libc++";
				CLANG_ENABLE_MODULES = YES;
				CLANG_ENABLE_OBJC_ARC = YES;
				CLANG_ENABLE_OBJC_WEAK = YES;
				CLANG_WARN_BLOCK_CAPTURE_AUTORELEASING = YES;
				CLANG_WARN_BOOL_CONVERSION = YES;
				CLANG_WARN_COMMA = YES;
				CLANG_WARN_CONSTANT_CONVERSION = YES;
				CLANG_WARN_DEPRECATED_OBJC_IMPLEMENTATIONS = YES;
				CLANG_WARN_DIRECT_OBJC_ISA_USAGE = YES_ERROR;
				CLANG_WARN_DOCUMENTATION_COMMENTS = YES;
				CLANG_WARN_EMPTY_BODY = YES;
				CLANG_WARN_ENUM_CONVERSION = YES;
				CLANG_WARN_INFINITE_RECURSION = YES;
				CLANG_WARN_INT_CONVERSION = YES;
				CLANG_WARN_NON_LITERAL_NULL_CONVERSION = YES;
				CLANG_WARN_OBJC_IMPLICIT_RETAIN_SELF = YES;
				CLANG_WARN_OBJC_LITERAL_CONVERSION = YES;
				CLANG_WARN_OBJC_ROOT_CLASS = YES_ERROR;
				CLANG_WARN_RANGE_LOOP_ANALYSIS = YES;
				CLANG_WARN_STRICT_PROTOTYPES = YES;
				CLANG_WARN_SUSPICIOUS_MOVE = YES;
				CLANG_WARN_UNGUARDED_AVAILABILITY = YES_AGGRESSIVE;
				CLANG_WARN_UNREACHABLE_CODE = YES;
				CLANG_WARN__DUPLICATE_METHOD_MATCH = YES;
				COPY_PHASE_STRIP = NO;
				DEBUG_INFORMATION_FORMAT = dwarf;
				ENABLE_STRICT_OBJC_MSGSEND = YES;
				ENABLE_TESTABILITY = YES;
				GCC_C_LANGUAGE_STANDARD = gnu11;
				GCC_DYNAMIC_NO_PIC = NO;
				GCC_NO_COMMON_BLOCKS = YES;
				GCC_OPTIMIZATION_LEVEL = 0;
				GCC_PREPROCESSOR_DEFINITIONS = (
					"DEBUG=1",
					"$(inherited)",
				);
				GCC_WARN_64_TO_32_BIT_CONVERSION = YES;
				GCC_WARN_ABOUT_RETURN_TYPE = YES_ERROR;
				GCC_WARN_UNDECLARED_SELECTOR = YES;
				GCC_WARN_UNINITIALIZED_AUTOS = YES_AGGRESSIVE;
				GCC_WARN_UNUSED_FUNCTION = YES;
				GCC_WARN_UNUSED_VARIABLE = YES;
				IPHONEOS_DEPLOYMENT_TARGET = 13.2;
				MTL_ENABLE_DEBUG_INFO = INCLUDE_SOURCE;
				MTL_FAST_MATH = YES;
				ONLY_ACTIVE_ARCH = YES;
				SDKROOT = iphoneos;
				SWIFT_ACTIVE_COMPILATION_CONDITIONS = DEBUG;
				SWIFT_OPTIMIZATION_LEVEL = "-Onone";
			};
			name = Debug;
		};
		843F840C2479953A009AEFAE /* Release */ = {
			isa = XCBuildConfiguration;
			buildSettings = {
				ALWAYS_SEARCH_USER_PATHS = NO;
				CLANG_ANALYZER_NONNULL = YES;
				CLANG_ANALYZER_NUMBER_OBJECT_CONVERSION = YES_AGGRESSIVE;
				CLANG_CXX_LANGUAGE_STANDARD = "gnu++14";
				CLANG_CXX_LIBRARY = "libc++";
				CLANG_ENABLE_MODULES = YES;
				CLANG_ENABLE_OBJC_ARC = YES;
				CLANG_ENABLE_OBJC_WEAK = YES;
				CLANG_WARN_BLOCK_CAPTURE_AUTORELEASING = YES;
				CLANG_WARN_BOOL_CONVERSION = YES;
				CLANG_WARN_COMMA = YES;
				CLANG_WARN_CONSTANT_CONVERSION = YES;
				CLANG_WARN_DEPRECATED_OBJC_IMPLEMENTATIONS = YES;
				CLANG_WARN_DIRECT_OBJC_ISA_USAGE = YES_ERROR;
				CLANG_WARN_DOCUMENTATION_COMMENTS = YES;
				CLANG_WARN_EMPTY_BODY = YES;
				CLANG_WARN_ENUM_CONVERSION = YES;
				CLANG_WARN_INFINITE_RECURSION = YES;
				CLANG_WARN_INT_CONVERSION = YES;
				CLANG_WARN_NON_LITERAL_NULL_CONVERSION = YES;
				CLANG_WARN_OBJC_IMPLICIT_RETAIN_SELF = YES;
				CLANG_WARN_OBJC_LITERAL_CONVERSION = YES;
				CLANG_WARN_OBJC_ROOT_CLASS = YES_ERROR;
				CLANG_WARN_RANGE_LOOP_ANALYSIS = YES;
				CLANG_WARN_STRICT_PROTOTYPES = YES;
				CLANG_WARN_SUSPICIOUS_MOVE = YES;
				CLANG_WARN_UNGUARDED_AVAILABILITY = YES_AGGRESSIVE;
				CLANG_WARN_UNREACHABLE_CODE = YES;
				CLANG_WARN__DUPLICATE_METHOD_MATCH = YES;
				COPY_PHASE_STRIP = NO;
				DEBUG_INFORMATION_FORMAT = "dwarf-with-dsym";
				ENABLE_NS_ASSERTIONS = NO;
				ENABLE_STRICT_OBJC_MSGSEND = YES;
				GCC_C_LANGUAGE_STANDARD = gnu11;
				GCC_NO_COMMON_BLOCKS = YES;
				GCC_WARN_64_TO_32_BIT_CONVERSION = YES;
				GCC_WARN_ABOUT_RETURN_TYPE = YES_ERROR;
				GCC_WARN_UNDECLARED_SELECTOR = YES;
				GCC_WARN_UNINITIALIZED_AUTOS = YES_AGGRESSIVE;
				GCC_WARN_UNUSED_FUNCTION = YES;
				GCC_WARN_UNUSED_VARIABLE = YES;
				IPHONEOS_DEPLOYMENT_TARGET = 13.2;
				MTL_ENABLE_DEBUG_INFO = NO;
				MTL_FAST_MATH = YES;
				SDKROOT = iphoneos;
				SWIFT_COMPILATION_MODE = wholemodule;
				SWIFT_OPTIMIZATION_LEVEL = "-O";
				VALIDATE_PRODUCT = YES;
			};
			name = Release;
		};
		843F840E2479953A009AEFAE /* Debug */ = {
			isa = XCBuildConfiguration;
			baseConfigurationReference = 065C7D24104E176C57078FF9 /* Pods-navigation.debug.xcconfig */;
			buildSettings = {
				ASSETCATALOG_COMPILER_APPICON_NAME = AppIcon;
				CODE_SIGN_STYLE = Automatic;
				INFOPLIST_FILE = navigation/Info.plist;
				LD_RUNPATH_SEARCH_PATHS = (
					"$(inherited)",
					"@executable_path/Frameworks",
				);
				PRODUCT_BUNDLE_IDENTIFIER = nishant.navigation;
				PRODUCT_NAME = "$(TARGET_NAME)";
				SWIFT_VERSION = 5.0;
				TARGETED_DEVICE_FAMILY = "1,2";
			};
			name = Debug;
		};
		843F840F2479953A009AEFAE /* Release */ = {
			isa = XCBuildConfiguration;
			baseConfigurationReference = CB8B19F2360622AF9752EA44 /* Pods-navigation.release.xcconfig */;
			buildSettings = {
				ASSETCATALOG_COMPILER_APPICON_NAME = AppIcon;
				CODE_SIGN_STYLE = Automatic;
				INFOPLIST_FILE = navigation/Info.plist;
				LD_RUNPATH_SEARCH_PATHS = (
					"$(inherited)",
					"@executable_path/Frameworks",
				);
				PRODUCT_BUNDLE_IDENTIFIER = nishant.navigation;
				PRODUCT_NAME = "$(TARGET_NAME)";
				SWIFT_VERSION = 5.0;
				TARGETED_DEVICE_FAMILY = "1,2";
			};
			name = Release;
		};
/* End XCBuildConfiguration section */

/* Begin XCConfigurationList section */
		843F83F124799538009AEFAE /* Build configuration list for PBXProject "navigation" */ = {
			isa = XCConfigurationList;
			buildConfigurations = (
				843F840B2479953A009AEFAE /* Debug */,
				843F840C2479953A009AEFAE /* Release */,
			);
			defaultConfigurationIsVisible = 0;
			defaultConfigurationName = Release;
		};
		843F840D2479953A009AEFAE /* Build configuration list for PBXNativeTarget "navigation" */ = {
			isa = XCConfigurationList;
			buildConfigurations = (
				843F840E2479953A009AEFAE /* Debug */,
				843F840F2479953A009AEFAE /* Release */,
			);
			defaultConfigurationIsVisible = 0;
			defaultConfigurationName = Release;
		};
/* End XCConfigurationList section */

/* Begin XCVersionGroup section */
		843F840224799538009AEFAE /* navigation.xcdatamodeld */ = {
			isa = XCVersionGroup;
			children = (
				843F840324799538009AEFAE /* navigation.xcdatamodel */,
			);
			currentVersion = 843F840324799538009AEFAE /* navigation.xcdatamodel */;
			path = navigation.xcdatamodeld;
			sourceTree = "<group>";
			versionGroupType = wrapper.xcdatamodel;
		};
/* End XCVersionGroup section */
	};
	rootObject = 843F83EE24799538009AEFAE /* Project object */;
}
